
Microsoft Visual Studio Solution File, Format Version 12.00
# Visual Studio Version 17
VisualStudioVersion = 17.13.35919.96 d17.13
MinimumVisualStudioVersion = 10.0.40219.1
Project("{FAE04EC0-301F-11D3-BF4B-00C04F79EFBC}") = "Issue18904", "Issue18904\Issue18904.csproj", "{B9F1A870-3A00-4036-8562-9D17BEF72422}"
EndProject
Global
	GlobalSection(SolutionConfigurationPlatforms) = preSolution
		Debug|Any CPU = Debug|Any CPU
		Release|Any CPU = Release|Any CPU
	EndGlobalSection
	GlobalSection(ProjectConfigurationPlatforms) = postSolution
		{B9F1A870-3A00-4036-8562-9D17BEF72422}.Debug|Any CPU.ActiveCfg = Debug|Any CPU
		{B9F1A870-3A00-4036-8562-9D17BEF72422}.Debug|Any CPU.Build.0 = Debug|Any CPU
		{B9F1A870-3A00-4036-8562-9D17BEF72422}.Release|Any CPU.ActiveCfg = Release|Any CPU
		{B9F1A870-3A00-4036-8562-9D17BEF72422}.Release|Any CPU.Build.0 = Release|Any CPU
	EndGlobalSection
	GlobalSection(SolutionProperties) = preSolution
		HideSolutionNode = FALSE
	EndGlobalSection
	GlobalSection(ExtensibilityGlobals) = postSolution
		SolutionGuid = {AC9BB5F2-4A93-41DF-A769-750B42FD4E71}
	EndGlobalSection
EndGlobal
